
Microsoft Visual Studio Solution File, Format Version 12.00
# Visual Studio Version 16
VisualStudioVersion = 16.0.30804.86
MinimumVisualStudioVersion = 10.0.40219.1
Project("{9A19103F-16F7-4668-BE54-9A1E7A4F7556}") = "KampIntro", "KampIntro\KampIntro.csproj", "{3F419002-EF80-43FD-8B1A-82EF3CD0B6F0}"
EndProject
Project("{9A19103F-16F7-4668-BE54-9A1E7A4F7556}") = "Donguler", "Donguler\Donguler.csproj", "{44B10796-F1E4-41E2-8F6B-3369DBAA1D0E}"
EndProject
Project("{9A19103F-16F7-4668-BE54-9A1E7A4F7556}") = "ClassIntro", "ClassIntro\ClassIntro.csproj", "{DB6D9E30-31BC-4F3F-8AA4-4E092174A0D4}"
EndProject
Project("{9A19103F-16F7-4668-BE54-9A1E7A4F7556}") = "Methods", "Methods\Methods.csproj", "{A165CABE-A93C-45B1-A349-2639173A9170}"
EndProject
Project("{9A19103F-16F7-4668-BE54-9A1E7A4F7556}") = "Mathematics", "Mathematics\Mathematics.csproj", "{661C4CBB-297C-4A7F-9F4B-89BFD8F8E4B5}"
EndProject
Project("{9A19103F-16F7-4668-BE54-9A1E7A4F7556}") = "DegerVeReferansTipler", "DegerVeReferansTipler\DegerVeReferansTipler.csproj", "{152D0128-5272-44D3-B3BE-973F117B2C52}"
EndProject
Project("{9A19103F-16F7-4668-BE54-9A1E7A4F7556}") = "OOP1", "OOP1\OOP1.csproj", "{8FABAE04-1A96-4017-8569-03D74AE8F021}"
EndProject
Project("{9A19103F-16F7-4668-BE54-9A1E7A4F7556}") = "Collections", "Collections\Collections.csproj", "{042DFD95-5A24-4B36-B516-73B2F90F0714}"
EndProject
Project("{9A19103F-16F7-4668-BE54-9A1E7A4F7556}") = "GenericsIntro", "GenericsIntro\GenericsIntro.csproj", "{B5728B22-F0F3-44F8-A139-830150186209}"
EndProject
Project("{FAE04EC0-301F-11D3-BF4B-00C04F79EFBC}") = "OOP2", "OOP2\OOP2.csproj", "{CDC98B55-8460-43B7-8202-2DAF061362A5}"
EndProject
Project("{FAE04EC0-301F-11D3-BF4B-00C04F79EFBC}") = "OOP3", "OOP3\OOP3.csproj", "{954420DF-7140-4640-A871-950467A1C79C}"
EndProject
Global
	GlobalSection(SolutionConfigurationPlatforms) = preSolution
		Debug|Any CPU = Debug|Any CPU
		Release|Any CPU = Release|Any CPU
	EndGlobalSection
	GlobalSection(ProjectConfigurationPlatforms) = postSolution
		{3F419002-EF80-43FD-8B1A-82EF3CD0B6F0}.Debug|Any CPU.ActiveCfg = Debug|Any CPU
		{3F419002-EF80-43FD-8B1A-82EF3CD0B6F0}.Debug|Any CPU.Build.0 = Debug|Any CPU
		{3F419002-EF80-43FD-8B1A-82EF3CD0B6F0}.Release|Any CPU.ActiveCfg = Release|Any CPU
		{3F419002-EF80-43FD-8B1A-82EF3CD0B6F0}.Release|Any CPU.Build.0 = Release|Any CPU
		{44B10796-F1E4-41E2-8F6B-3369DBAA1D0E}.Debug|Any CPU.ActiveCfg = Debug|Any CPU
		{44B10796-F1E4-41E2-8F6B-3369DBAA1D0E}.Debug|Any CPU.Build.0 = Debug|Any CPU
		{44B10796-F1E4-41E2-8F6B-3369DBAA1D0E}.Release|Any CPU.ActiveCfg = Release|Any CPU
		{44B10796-F1E4-41E2-8F6B-3369DBAA1D0E}.Release|Any CPU.Build.0 = Release|Any CPU
		{DB6D9E30-31BC-4F3F-8AA4-4E092174A0D4}.Debug|Any CPU.ActiveCfg = Debug|Any CPU
		{DB6D9E30-31BC-4F3F-8AA4-4E092174A0D4}.Debug|Any CPU.Build.0 = Debug|Any CPU
		{DB6D9E30-31BC-4F3F-8AA4-4E092174A0D4}.Release|Any CPU.ActiveCfg = Release|Any CPU
		{DB6D9E30-31BC-4F3F-8AA4-4E092174A0D4}.Release|Any CPU.Build.0 = Release|Any CPU
		{A165CABE-A93C-45B1-A349-2639173A9170}.Debug|Any CPU.ActiveCfg = Debug|Any CPU
		{A165CABE-A93C-45B1-A349-2639173A9170}.Debug|Any CPU.Build.0 = Debug|Any CPU
		{A165CABE-A93C-45B1-A349-2639173A9170}.Release|Any CPU.ActiveCfg = Release|Any CPU
		{A165CABE-A93C-45B1-A349-2639173A9170}.Release|Any CPU.Build.0 = Release|Any CPU
		{661C4CBB-297C-4A7F-9F4B-89BFD8F8E4B5}.Debug|Any CPU.ActiveCfg = Debug|Any CPU
		{661C4CBB-297C-4A7F-9F4B-89BFD8F8E4B5}.Debug|Any CPU.Build.0 = Debug|Any CPU
		{661C4CBB-297C-4A7F-9F4B-89BFD8F8E4B5}.Release|Any CPU.ActiveCfg = Release|Any CPU
		{661C4CBB-297C-4A7F-9F4B-89BFD8F8E4B5}.Release|Any CPU.Build.0 = Release|Any CPU
		{152D0128-5272-44D3-B3BE-973F117B2C52}.Debug|Any CPU.ActiveCfg = Debug|Any CPU
		{152D0128-5272-44D3-B3BE-973F117B2C52}.Debug|Any CPU.Build.0 = Debug|Any CPU
		{152D0128-5272-44D3-B3BE-973F117B2C52}.Release|Any CPU.ActiveCfg = Release|Any CPU
		{152D0128-5272-44D3-B3BE-973F117B2C52}.Release|Any CPU.Build.0 = Release|Any CPU
		{8FABAE04-1A96-4017-8569-03D74AE8F021}.Debug|Any CPU.ActiveCfg = Debug|Any CPU
		{8FABAE04-1A96-4017-8569-03D74AE8F021}.Debug|Any CPU.Build.0 = Debug|Any CPU
		{8FABAE04-1A96-4017-8569-03D74AE8F021}.Release|Any CPU.ActiveCfg = Release|Any CPU
		{8FABAE04-1A96-4017-8569-03D74AE8F021}.Release|Any CPU.Build.0 = Release|Any CPU
		{042DFD95-5A24-4B36-B516-73B2F90F0714}.Debug|Any CPU.ActiveCfg = Debug|Any CPU
		{042DFD95-5A24-4B36-B516-73B2F90F0714}.Debug|Any CPU.Build.0 = Debug|Any CPU
		{042DFD95-5A24-4B36-B516-73B2F90F0714}.Release|Any CPU.ActiveCfg = Release|Any CPU
		{042DFD95-5A24-4B36-B516-73B2F90F0714}.Release|Any CPU.Build.0 = Release|Any CPU
		{B5728B22-F0F3-44F8-A139-830150186209}.Debug|Any CPU.ActiveCfg = Debug|Any CPU
		{B5728B22-F0F3-44F8-A139-830150186209}.Debug|Any CPU.Build.0 = Debug|Any CPU
		{B5728B22-F0F3-44F8-A139-830150186209}.Release|Any CPU.ActiveCfg = Release|Any CPU
		{B5728B22-F0F3-44F8-A139-830150186209}.Release|Any CPU.Build.0 = Release|Any CPU
		{CDC98B55-8460-43B7-8202-2DAF061362A5}.Debug|Any CPU.ActiveCfg = Debug|Any CPU
		{CDC98B55-8460-43B7-8202-2DAF061362A5}.Debug|Any CPU.Build.0 = Debug|Any CPU
		{CDC98B55-8460-43B7-8202-2DAF061362A5}.Release|Any CPU.ActiveCfg = Release|Any CPU
		{CDC98B55-8460-43B7-8202-2DAF061362A5}.Release|Any CPU.Build.0 = Release|Any CPU
		{954420DF-7140-4640-A871-950467A1C79C}.Debug|Any CPU.ActiveCfg = Debug|Any CPU
		{954420DF-7140-4640-A871-950467A1C79C}.Debug|Any CPU.Build.0 = Debug|Any CPU
		{954420DF-7140-4640-A871-950467A1C79C}.Release|Any CPU.ActiveCfg = Release|Any CPU
		{954420DF-7140-4640-A871-950467A1C79C}.Release|Any CPU.Build.0 = Release|Any CPU
	EndGlobalSection
	GlobalSection(SolutionProperties) = preSolution
		HideSolutionNode = FALSE
	EndGlobalSection
	GlobalSection(ExtensibilityGlobals) = postSolution
		SolutionGuid = {06DF8405-E54F-4910-BCDF-64F7DFFBC8E0}
	EndGlobalSection
EndGlobal
